
Microsoft Visual Studio Solution File, Format Version 12.00
# Visual Studio 15
VisualStudioVersion = 15.0.28307.168
MinimumVisualStudioVersion = 10.0.40219.1
Project("{FAE04EC0-301F-11D3-BF4B-00C04F79EFBC}") = "RoundedCornerListView.Android", "RoundedCornerListView\RoundedCornerListView.Android\RoundedCornerListView.Android.csproj", "{E4C68F58-E74A-4829-BF3C-4CF562A11FAA}"
EndProject
Project("{FAE04EC0-301F-11D3-BF4B-00C04F79EFBC}") = "RoundedCornerListView.iOS", "RoundedCornerListView\RoundedCornerListView.iOS\RoundedCornerListView.iOS.csproj", "{F57E262E-1E5E-4E55-9CEF-DE591BC9F60B}"
EndProject
Project("{FAE04EC0-301F-11D3-BF4B-00C04F79EFBC}") = "RoundedCornerListView.UWP", "RoundedCornerListView\RoundedCornerListView.UWP\RoundedCornerListView.UWP.csproj", "{027D7E5C-DFF7-483E-9686-327B08CC9505}"
EndProject
Project("{9A19103F-16F7-4668-BE54-9A1E7A4F7556}") = "RoundedCornerListView", "RoundedCornerListView\RoundedCornerListView\RoundedCornerListView.csproj", "{2A5DC87F-AC74-44EF-BACB-5A0F67691916}"
EndProject
Global
	GlobalSection(SolutionConfigurationPlatforms) = preSolution
		Ad-Hoc|Any CPU = Ad-Hoc|Any CPU
		Ad-Hoc|ARM = Ad-Hoc|ARM
		Ad-Hoc|iPhone = Ad-Hoc|iPhone
		Ad-Hoc|iPhoneSimulator = Ad-Hoc|iPhoneSimulator
		Ad-Hoc|x64 = Ad-Hoc|x64
		Ad-Hoc|x86 = Ad-Hoc|x86
		AppStore|Any CPU = AppStore|Any CPU
		AppStore|ARM = AppStore|ARM
		AppStore|iPhone = AppStore|iPhone
		AppStore|iPhoneSimulator = AppStore|iPhoneSimulator
		AppStore|x64 = AppStore|x64
		AppStore|x86 = AppStore|x86
		Debug|Any CPU = Debug|Any CPU
		Debug|ARM = Debug|ARM
		Debug|iPhone = Debug|iPhone
		Debug|iPhoneSimulator = Debug|iPhoneSimulator
		Debug|x64 = Debug|x64
		Debug|x86 = Debug|x86
		Release|Any CPU = Release|Any CPU
		Release|ARM = Release|ARM
		Release|iPhone = Release|iPhone
		Release|iPhoneSimulator = Release|iPhoneSimulator
		Release|x64 = Release|x64
		Release|x86 = Release|x86
	EndGlobalSection
	GlobalSection(ProjectConfigurationPlatforms) = postSolution
		{E4C68F58-E74A-4829-BF3C-4CF562A11FAA}.Ad-Hoc|Any CPU.ActiveCfg = Release|Any CPU
		{E4C68F58-E74A-4829-BF3C-4CF562A11FAA}.Ad-Hoc|Any CPU.Build.0 = Release|Any CPU
		{E4C68F58-E74A-4829-BF3C-4CF562A11FAA}.Ad-Hoc|Any CPU.Deploy.0 = Release|Any CPU
		{E4C68F58-E74A-4829-BF3C-4CF562A11FAA}.Ad-Hoc|ARM.ActiveCfg = Release|Any CPU
		{E4C68F58-E74A-4829-BF3C-4CF562A11FAA}.Ad-Hoc|ARM.Build.0 = Release|Any CPU
		{E4C68F58-E74A-4829-BF3C-4CF562A11FAA}.Ad-Hoc|ARM.Deploy.0 = Release|Any CPU
		{E4C68F58-E74A-4829-BF3C-4CF562A11FAA}.Ad-Hoc|iPhone.ActiveCfg = Release|Any CPU
		{E4C68F58-E74A-4829-BF3C-4CF562A11FAA}.Ad-Hoc|iPhone.Build.0 = Release|Any CPU
		{E4C68F58-E74A-4829-BF3C-4CF562A11FAA}.Ad-Hoc|iPhone.Deploy.0 = Release|Any CPU
		{E4C68F58-E74A-4829-BF3C-4CF562A11FAA}.Ad-Hoc|iPhoneSimulator.ActiveCfg = Release|Any CPU
		{E4C68F58-E74A-4829-BF3C-4CF562A11FAA}.Ad-Hoc|iPhoneSimulator.Build.0 = Release|Any CPU
		{E4C68F58-E74A-4829-BF3C-4CF562A11FAA}.Ad-Hoc|iPhoneSimulator.Deploy.0 = Release|Any CPU
		{E4C68F58-E74A-4829-BF3C-4CF562A11FAA}.Ad-Hoc|x64.ActiveCfg = Release|Any CPU
		{E4C68F58-E74A-4829-BF3C-4CF562A11FAA}.Ad-Hoc|x64.Build.0 = Release|Any CPU
		{E4C68F58-E74A-4829-BF3C-4CF562A11FAA}.Ad-Hoc|x64.Deploy.0 = Release|Any CPU
		{E4C68F58-E74A-4829-BF3C-4CF562A11FAA}.Ad-Hoc|x86.ActiveCfg = Release|Any CPU
		{E4C68F58-E74A-4829-BF3C-4CF562A11FAA}.Ad-Hoc|x86.Build.0 = Release|Any CPU
		{E4C68F58-E74A-4829-BF3C-4CF562A11FAA}.Ad-Hoc|x86.Deploy.0 = Release|Any CPU
		{E4C68F58-E74A-4829-BF3C-4CF562A11FAA}.AppStore|Any CPU.ActiveCfg = Release|Any CPU
		{E4C68F58-E74A-4829-BF3C-4CF562A11FAA}.AppStore|Any CPU.Build.0 = Release|Any CPU
		{E4C68F58-E74A-4829-BF3C-4CF562A11FAA}.AppStore|Any CPU.Deploy.0 = Release|Any CPU
		{E4C68F58-E74A-4829-BF3C-4CF562A11FAA}.AppStore|ARM.ActiveCfg = Release|Any CPU
		{E4C68F58-E74A-4829-BF3C-4CF562A11FAA}.AppStore|ARM.Build.0 = Release|Any CPU
		{E4C68F58-E74A-4829-BF3C-4CF562A11FAA}.AppStore|ARM.Deploy.0 = Release|Any CPU
		{E4C68F58-E74A-4829-BF3C-4CF562A11FAA}.AppStore|iPhone.ActiveCfg = Release|Any CPU
		{E4C68F58-E74A-4829-BF3C-4CF562A11FAA}.AppStore|iPhone.Build.0 = Release|Any CPU
		{E4C68F58-E74A-4829-BF3C-4CF562A11FAA}.AppStore|iPhone.Deploy.0 = Release|Any CPU
		{E4C68F58-E74A-4829-BF3C-4CF562A11FAA}.AppStore|iPhoneSimulator.ActiveCfg = Release|Any CPU
		{E4C68F58-E74A-4829-BF3C-4CF562A11FAA}.AppStore|iPhoneSimulator.Build.0 = Release|Any CPU
		{E4C68F58-E74A-4829-BF3C-4CF562A11FAA}.AppStore|iPhoneSimulator.Deploy.0 = Release|Any CPU
		{E4C68F58-E74A-4829-BF3C-4CF562A11FAA}.AppStore|x64.ActiveCfg = Release|Any CPU
		{E4C68F58-E74A-4829-BF3C-4CF562A11FAA}.AppStore|x64.Build.0 = Release|Any CPU
		{E4C68F58-E74A-4829-BF3C-4CF562A11FAA}.AppStore|x64.Deploy.0 = Release|Any CPU
		{E4C68F58-E74A-4829-BF3C-4CF562A11FAA}.AppStore|x86.ActiveCfg = Release|Any CPU
		{E4C68F58-E74A-4829-BF3C-4CF562A11FAA}.AppStore|x86.Build.0 = Release|Any CPU
		{E4C68F58-E74A-4829-BF3C-4CF562A11FAA}.AppStore|x86.Deploy.0 = Release|Any CPU
		{E4C68F58-E74A-4829-BF3C-4CF562A11FAA}.Debug|Any CPU.ActiveCfg = Debug|Any CPU
		{E4C68F58-E74A-4829-BF3C-4CF562A11FAA}.Debug|Any CPU.Build.0 = Debug|Any CPU
		{E4C68F58-E74A-4829-BF3C-4CF562A11FAA}.Debug|Any CPU.Deploy.0 = Debug|Any CPU
		{E4C68F58-E74A-4829-BF3C-4CF562A11FAA}.Debug|ARM.ActiveCfg = Debug|Any CPU
		{E4C68F58-E74A-4829-BF3C-4CF562A11FAA}.Debug|ARM.Build.0 = Debug|Any CPU
		{E4C68F58-E74A-4829-BF3C-4CF562A11FAA}.Debug|ARM.Deploy.0 = Debug|Any CPU
		{E4C68F58-E74A-4829-BF3C-4CF562A11FAA}.Debug|iPhone.ActiveCfg = Debug|Any CPU
		{E4C68F58-E74A-4829-BF3C-4CF562A11FAA}.Debug|iPhone.Build.0 = Debug|Any CPU
		{E4C68F58-E74A-4829-BF3C-4CF562A11FAA}.Debug|iPhone.Deploy.0 = Debug|Any CPU
		{E4C68F58-E74A-4829-BF3C-4CF562A11FAA}.Debug|iPhoneSimulator.ActiveCfg = Debug|Any CPU
		{E4C68F58-E74A-4829-BF3C-4CF562A11FAA}.Debug|iPhoneSimulator.Build.0 = Debug|Any CPU
		{E4C68F58-E74A-4829-BF3C-4CF562A11FAA}.Debug|iPhoneSimulator.Deploy.0 = Debug|Any CPU
		{E4C68F58-E74A-4829-BF3C-4CF562A11FAA}.Debug|x64.ActiveCfg = Debug|Any CPU
		{E4C68F58-E74A-4829-BF3C-4CF562A11FAA}.Debug|x64.Build.0 = Debug|Any CPU
		{E4C68F58-E74A-4829-BF3C-4CF562A11FAA}.Debug|x64.Deploy.0 = Debug|Any CPU
		{E4C68F58-E74A-4829-BF3C-4CF562A11FAA}.Debug|x86.ActiveCfg = Debug|Any CPU
		{E4C68F58-E74A-4829-BF3C-4CF562A11FAA}.Debug|x86.Build.0 = Debug|Any CPU
		{E4C68F58-E74A-4829-BF3C-4CF562A11FAA}.Debug|x86.Deploy.0 = Debug|Any CPU
		{E4C68F58-E74A-4829-BF3C-4CF562A11FAA}.Release|Any CPU.ActiveCfg = Release|Any CPU
		{E4C68F58-E74A-4829-BF3C-4CF562A11FAA}.Release|Any CPU.Build.0 = Release|Any CPU
		{E4C68F58-E74A-4829-BF3C-4CF562A11FAA}.Release|Any CPU.Deploy.0 = Release|Any CPU
		{E4C68F58-E74A-4829-BF3C-4CF562A11FAA}.Release|ARM.ActiveCfg = Release|Any CPU
		{E4C68F58-E74A-4829-BF3C-4CF562A11FAA}.Release|ARM.Build.0 = Release|Any CPU
		{E4C68F58-E74A-4829-BF3C-4CF562A11FAA}.Release|ARM.Deploy.0 = Release|Any CPU
		{E4C68F58-E74A-4829-BF3C-4CF562A11FAA}.Release|iPhone.ActiveCfg = Release|Any CPU
		{E4C68F58-E74A-4829-BF3C-4CF562A11FAA}.Release|iPhone.Build.0 = Release|Any CPU
		{E4C68F58-E74A-4829-BF3C-4CF562A11FAA}.Release|iPhone.Deploy.0 = Release|Any CPU
		{E4C68F58-E74A-4829-BF3C-4CF562A11FAA}.Release|iPhoneSimulator.ActiveCfg = Release|Any CPU
		{E4C68F58-E74A-4829-BF3C-4CF562A11FAA}.Release|iPhoneSimulator.Build.0 = Release|Any CPU
		{E4C68F58-E74A-4829-BF3C-4CF562A11FAA}.Release|iPhoneSimulator.Deploy.0 = Release|Any CPU
		{E4C68F58-E74A-4829-BF3C-4CF562A11FAA}.Release|x64.ActiveCfg = Release|Any CPU
		{E4C68F58-E74A-4829-BF3C-4CF562A11FAA}.Release|x64.Build.0 = Release|Any CPU
		{E4C68F58-E74A-4829-BF3C-4CF562A11FAA}.Release|x64.Deploy.0 = Release|Any CPU
		{E4C68F58-E74A-4829-BF3C-4CF562A11FAA}.Release|x86.ActiveCfg = Release|Any CPU
		{E4C68F58-E74A-4829-BF3C-4CF562A11FAA}.Release|x86.Build.0 = Release|Any CPU
		{E4C68F58-E74A-4829-BF3C-4CF562A11FAA}.Release|x86.Deploy.0 = Release|Any CPU
		{F57E262E-1E5E-4E55-9CEF-DE591BC9F60B}.Ad-Hoc|Any CPU.ActiveCfg = Ad-Hoc|iPhone
		{F57E262E-1E5E-4E55-9CEF-DE591BC9F60B}.Ad-Hoc|Any CPU.Build.0 = Ad-Hoc|iPhone
		{F57E262E-1E5E-4E55-9CEF-DE591BC9F60B}.Ad-Hoc|Any CPU.Deploy.0 = Ad-Hoc|iPhone
		{F57E262E-1E5E-4E55-9CEF-DE591BC9F60B}.Ad-Hoc|ARM.ActiveCfg = Ad-Hoc|iPhone
		{F57E262E-1E5E-4E55-9CEF-DE591BC9F60B}.Ad-Hoc|ARM.Build.0 = Ad-Hoc|iPhone
		{F57E262E-1E5E-4E55-9CEF-DE591BC9F60B}.Ad-Hoc|ARM.Deploy.0 = Ad-Hoc|iPhone
		{F57E262E-1E5E-4E55-9CEF-DE591BC9F60B}.Ad-Hoc|iPhone.ActiveCfg = Ad-Hoc|iPhone
		{F57E262E-1E5E-4E55-9CEF-DE591BC9F60B}.Ad-Hoc|iPhone.Build.0 = Ad-Hoc|iPhone
		{F57E262E-1E5E-4E55-9CEF-DE591BC9F60B}.Ad-Hoc|iPhone.Deploy.0 = Ad-Hoc|iPhone
		{F57E262E-1E5E-4E55-9CEF-DE591BC9F60B}.Ad-Hoc|iPhoneSimulator.ActiveCfg = Ad-Hoc|iPhoneSimulator
		{F57E262E-1E5E-4E55-9CEF-DE591BC9F60B}.Ad-Hoc|iPhoneSimulator.Build.0 = Ad-Hoc|iPhoneSimulator
		{F57E262E-1E5E-4E55-9CEF-DE591BC9F60B}.Ad-Hoc|iPhoneSimulator.Deploy.0 = Ad-Hoc|iPhoneSimulator
		{F57E262E-1E5E-4E55-9CEF-DE591BC9F60B}.Ad-Hoc|x64.ActiveCfg = Ad-Hoc|iPhone
		{F57E262E-1E5E-4E55-9CEF-DE591BC9F60B}.Ad-Hoc|x64.Build.0 = Ad-Hoc|iPhone
		{F57E262E-1E5E-4E55-9CEF-DE591BC9F60B}.Ad-Hoc|x64.Deploy.0 = Ad-Hoc|iPhone
		{F57E262E-1E5E-4E55-9CEF-DE591BC9F60B}.Ad-Hoc|x86.ActiveCfg = Ad-Hoc|iPhone
		{F57E262E-1E5E-4E55-9CEF-DE591BC9F60B}.Ad-Hoc|x86.Build.0 = Ad-Hoc|iPhone
		{F57E262E-1E5E-4E55-9CEF-DE591BC9F60B}.Ad-Hoc|x86.Deploy.0 = Ad-Hoc|iPhone
		{F57E262E-1E5E-4E55-9CEF-DE591BC9F60B}.AppStore|Any CPU.ActiveCfg = AppStore|iPhone
		{F57E262E-1E5E-4E55-9CEF-DE591BC9F60B}.AppStore|Any CPU.Build.0 = AppStore|iPhone
		{F57E262E-1E5E-4E55-9CEF-DE591BC9F60B}.AppStore|Any CPU.Deploy.0 = AppStore|iPhone
		{F57E262E-1E5E-4E55-9CEF-DE591BC9F60B}.AppStore|ARM.ActiveCfg = AppStore|iPhone
		{F57E262E-1E5E-4E55-9CEF-DE591BC9F60B}.AppStore|ARM.Build.0 = AppStore|iPhone
		{F57E262E-1E5E-4E55-9CEF-DE591BC9F60B}.AppStore|ARM.Deploy.0 = AppStore|iPhone
		{F57E262E-1E5E-4E55-9CEF-DE591BC9F60B}.AppStore|iPhone.ActiveCfg = AppStore|iPhone
		{F57E262E-1E5E-4E55-9CEF-DE591BC9F60B}.AppStore|iPhone.Build.0 = AppStore|iPhone
		{F57E262E-1E5E-4E55-9CEF-DE591BC9F60B}.AppStore|iPhone.Deploy.0 = AppStore|iPhone
		{F57E262E-1E5E-4E55-9CEF-DE591BC9F60B}.AppStore|iPhoneSimulator.ActiveCfg = AppStore|iPhoneSimulator
		{F57E262E-1E5E-4E55-9CEF-DE591BC9F60B}.AppStore|iPhoneSimulator.Build.0 = AppStore|iPhoneSimulator
		{F57E262E-1E5E-4E55-9CEF-DE591BC9F60B}.AppStore|iPhoneSimulator.Deploy.0 = AppStore|iPhoneSimulator
		{F57E262E-1E5E-4E55-9CEF-DE591BC9F60B}.AppStore|x64.ActiveCfg = AppStore|iPhone
		{F57E262E-1E5E-4E55-9CEF-DE591BC9F60B}.AppStore|x64.Build.0 = AppStore|iPhone
		{F57E262E-1E5E-4E55-9CEF-DE591BC9F60B}.AppStore|x64.Deploy.0 = AppStore|iPhone
		{F57E262E-1E5E-4E55-9CEF-DE591BC9F60B}.AppStore|x86.ActiveCfg = AppStore|iPhone
		{F57E262E-1E5E-4E55-9CEF-DE591BC9F60B}.AppStore|x86.Build.0 = AppStore|iPhone
		{F57E262E-1E5E-4E55-9CEF-DE591BC9F60B}.AppStore|x86.Deploy.0 = AppStore|iPhone
		{F57E262E-1E5E-4E55-9CEF-DE591BC9F60B}.Debug|Any CPU.ActiveCfg = Debug|iPhoneSimulator
		{F57E262E-1E5E-4E55-9CEF-DE591BC9F60B}.Debug|Any CPU.Build.0 = Debug|iPhoneSimulator
		{F57E262E-1E5E-4E55-9CEF-DE591BC9F60B}.Debug|Any CPU.Deploy.0 = Debug|iPhoneSimulator
		{F57E262E-1E5E-4E55-9CEF-DE591BC9F60B}.Debug|ARM.ActiveCfg = Debug|iPhone
		{F57E262E-1E5E-4E55-9CEF-DE591BC9F60B}.Debug|ARM.Build.0 = Debug|iPhone
		{F57E262E-1E5E-4E55-9CEF-DE591BC9F60B}.Debug|ARM.Deploy.0 = Debug|iPhone
		{F57E262E-1E5E-4E55-9CEF-DE591BC9F60B}.Debug|iPhone.ActiveCfg = Debug|iPhone
		{F57E262E-1E5E-4E55-9CEF-DE591BC9F60B}.Debug|iPhone.Build.0 = Debug|iPhone
		{F57E262E-1E5E-4E55-9CEF-DE591BC9F60B}.Debug|iPhone.Deploy.0 = Debug|iPhone
		{F57E262E-1E5E-4E55-9CEF-DE591BC9F60B}.Debug|iPhoneSimulator.ActiveCfg = Debug|iPhoneSimulator
		{F57E262E-1E5E-4E55-9CEF-DE591BC9F60B}.Debug|iPhoneSimulator.Build.0 = Debug|iPhoneSimulator
		{F57E262E-1E5E-4E55-9CEF-DE591BC9F60B}.Debug|iPhoneSimulator.Deploy.0 = Debug|iPhoneSimulator
		{F57E262E-1E5E-4E55-9CEF-DE591BC9F60B}.Debug|x64.ActiveCfg = Debug|iPhone
		{F57E262E-1E5E-4E55-9CEF-DE591BC9F60B}.Debug|x64.Build.0 = Debug|iPhone
		{F57E262E-1E5E-4E55-9CEF-DE591BC9F60B}.Debug|x64.Deploy.0 = Debug|iPhone
		{F57E262E-1E5E-4E55-9CEF-DE591BC9F60B}.Debug|x86.ActiveCfg = Debug|iPhone
		{F57E262E-1E5E-4E55-9CEF-DE591BC9F60B}.Debug|x86.Build.0 = Debug|iPhone
		{F57E262E-1E5E-4E55-9CEF-DE591BC9F60B}.Debug|x86.Deploy.0 = Debug|iPhone
		{F57E262E-1E5E-4E55-9CEF-DE591BC9F60B}.Release|Any CPU.ActiveCfg = Release|iPhone
		{F57E262E-1E5E-4E55-9CEF-DE591BC9F60B}.Release|Any CPU.Build.0 = Release|iPhone
		{F57E262E-1E5E-4E55-9CEF-DE591BC9F60B}.Release|Any CPU.Deploy.0 = Release|iPhone
		{F57E262E-1E5E-4E55-9CEF-DE591BC9F60B}.Release|ARM.ActiveCfg = Release|iPhone
		{F57E262E-1E5E-4E55-9CEF-DE591BC9F60B}.Release|ARM.Build.0 = Release|iPhone
		{F57E262E-1E5E-4E55-9CEF-DE591BC9F60B}.Release|ARM.Deploy.0 = Release|iPhone
		{F57E262E-1E5E-4E55-9CEF-DE591BC9F60B}.Release|iPhone.ActiveCfg = Release|iPhone
		{F57E262E-1E5E-4E55-9CEF-DE591BC9F60B}.Release|iPhone.Build.0 = Release|iPhone
		{F57E262E-1E5E-4E55-9CEF-DE591BC9F60B}.Release|iPhone.Deploy.0 = Release|iPhone
		{F57E262E-1E5E-4E55-9CEF-DE591BC9F60B}.Release|iPhoneSimulator.ActiveCfg = Release|iPhoneSimulator
		{F57E262E-1E5E-4E55-9CEF-DE591BC9F60B}.Release|iPhoneSimulator.Build.0 = Release|iPhoneSimulator
		{F57E262E-1E5E-4E55-9CEF-DE591BC9F60B}.Release|iPhoneSimulator.Deploy.0 = Release|iPhoneSimulator
		{F57E262E-1E5E-4E55-9CEF-DE591BC9F60B}.Release|x64.ActiveCfg = Release|iPhone
		{F57E262E-1E5E-4E55-9CEF-DE591BC9F60B}.Release|x64.Build.0 = Release|iPhone
		{F57E262E-1E5E-4E55-9CEF-DE591BC9F60B}.Release|x64.Deploy.0 = Release|iPhone
		{F57E262E-1E5E-4E55-9CEF-DE591BC9F60B}.Release|x86.ActiveCfg = Release|iPhone
		{F57E262E-1E5E-4E55-9CEF-DE591BC9F60B}.Release|x86.Build.0 = Release|iPhone
		{F57E262E-1E5E-4E55-9CEF-DE591BC9F60B}.Release|x86.Deploy.0 = Release|iPhone
		{027D7E5C-DFF7-483E-9686-327B08CC9505}.Ad-Hoc|Any CPU.ActiveCfg = Release|x86
		{027D7E5C-DFF7-483E-9686-327B08CC9505}.Ad-Hoc|Any CPU.Build.0 = Release|x86
		{027D7E5C-DFF7-483E-9686-327B08CC9505}.Ad-Hoc|Any CPU.Deploy.0 = Release|x86
		{027D7E5C-DFF7-483E-9686-327B08CC9505}.Ad-Hoc|ARM.ActiveCfg = Release|ARM
		{027D7E5C-DFF7-483E-9686-327B08CC9505}.Ad-Hoc|ARM.Build.0 = Release|ARM
		{027D7E5C-DFF7-483E-9686-327B08CC9505}.Ad-Hoc|ARM.Deploy.0 = Release|ARM
		{027D7E5C-DFF7-483E-9686-327B08CC9505}.Ad-Hoc|iPhone.ActiveCfg = Release|x86
		{027D7E5C-DFF7-483E-9686-327B08CC9505}.Ad-Hoc|iPhone.Build.0 = Release|x86
		{027D7E5C-DFF7-483E-9686-327B08CC9505}.Ad-Hoc|iPhone.Deploy.0 = Release|x86
		{027D7E5C-DFF7-483E-9686-327B08CC9505}.Ad-Hoc|iPhoneSimulator.ActiveCfg = Release|x86
		{027D7E5C-DFF7-483E-9686-327B08CC9505}.Ad-Hoc|iPhoneSimulator.Build.0 = Release|x86
		{027D7E5C-DFF7-483E-9686-327B08CC9505}.Ad-Hoc|iPhoneSimulator.Deploy.0 = Release|x86
		{027D7E5C-DFF7-483E-9686-327B08CC9505}.Ad-Hoc|x64.ActiveCfg = Release|x64
		{027D7E5C-DFF7-483E-9686-327B08CC9505}.Ad-Hoc|x64.Build.0 = Release|x64
		{027D7E5C-DFF7-483E-9686-327B08CC9505}.Ad-Hoc|x64.Deploy.0 = Release|x64
		{027D7E5C-DFF7-483E-9686-327B08CC9505}.Ad-Hoc|x86.ActiveCfg = Release|x86
		{027D7E5C-DFF7-483E-9686-327B08CC9505}.Ad-Hoc|x86.Build.0 = Release|x86
		{027D7E5C-DFF7-483E-9686-327B08CC9505}.Ad-Hoc|x86.Deploy.0 = Release|x86
		{027D7E5C-DFF7-483E-9686-327B08CC9505}.AppStore|Any CPU.ActiveCfg = Release|x86
		{027D7E5C-DFF7-483E-9686-327B08CC9505}.AppStore|Any CPU.Build.0 = Release|x86
		{027D7E5C-DFF7-483E-9686-327B08CC9505}.AppStore|Any CPU.Deploy.0 = Release|x86
		{027D7E5C-DFF7-483E-9686-327B08CC9505}.AppStore|ARM.ActiveCfg = Release|ARM
		{027D7E5C-DFF7-483E-9686-327B08CC9505}.AppStore|ARM.Build.0 = Release|ARM
		{027D7E5C-DFF7-483E-9686-327B08CC9505}.AppStore|ARM.Deploy.0 = Release|ARM
		{027D7E5C-DFF7-483E-9686-327B08CC9505}.AppStore|iPhone.ActiveCfg = Release|x86
		{027D7E5C-DFF7-483E-9686-327B08CC9505}.AppStore|iPhone.Build.0 = Release|x86
		{027D7E5C-DFF7-483E-9686-327B08CC9505}.AppStore|iPhone.Deploy.0 = Release|x86
		{027D7E5C-DFF7-483E-9686-327B08CC9505}.AppStore|iPhoneSimulator.ActiveCfg = Release|x86
		{027D7E5C-DFF7-483E-9686-327B08CC9505}.AppStore|iPhoneSimulator.Build.0 = Release|x86
		{027D7E5C-DFF7-483E-9686-327B08CC9505}.AppStore|iPhoneSimulator.Deploy.0 = Release|x86
		{027D7E5C-DFF7-483E-9686-327B08CC9505}.AppStore|x64.ActiveCfg = Release|x64
		{027D7E5C-DFF7-483E-9686-327B08CC9505}.AppStore|x64.Build.0 = Release|x64
		{027D7E5C-DFF7-483E-9686-327B08CC9505}.AppStore|x64.Deploy.0 = Release|x64
		{027D7E5C-DFF7-483E-9686-327B08CC9505}.AppStore|x86.ActiveCfg = Release|x86
		{027D7E5C-DFF7-483E-9686-327B08CC9505}.AppStore|x86.Build.0 = Release|x86
		{027D7E5C-DFF7-483E-9686-327B08CC9505}.AppStore|x86.Deploy.0 = Release|x86
		{027D7E5C-DFF7-483E-9686-327B08CC9505}.Debug|Any CPU.ActiveCfg = Debug|x86
		{027D7E5C-DFF7-483E-9686-327B08CC9505}.Debug|Any CPU.Build.0 = Debug|x86
		{027D7E5C-DFF7-483E-9686-327B08CC9505}.Debug|Any CPU.Deploy.0 = Debug|x86
		{027D7E5C-DFF7-483E-9686-327B08CC9505}.Debug|ARM.ActiveCfg = Debug|ARM
		{027D7E5C-DFF7-483E-9686-327B08CC9505}.Debug|ARM.Build.0 = Debug|ARM
		{027D7E5C-DFF7-483E-9686-327B08CC9505}.Debug|ARM.Deploy.0 = Debug|ARM
		{027D7E5C-DFF7-483E-9686-327B08CC9505}.Debug|iPhone.ActiveCfg = Debug|x86
		{027D7E5C-DFF7-483E-9686-327B08CC9505}.Debug|iPhone.Build.0 = Debug|x86
		{027D7E5C-DFF7-483E-9686-327B08CC9505}.Debug|iPhone.Deploy.0 = Debug|x86
		{027D7E5C-DFF7-483E-9686-327B08CC9505}.Debug|iPhoneSimulator.ActiveCfg = Debug|x86
		{027D7E5C-DFF7-483E-9686-327B08CC9505}.Debug|iPhoneSimulator.Build.0 = Debug|x86
		{027D7E5C-DFF7-483E-9686-327B08CC9505}.Debug|iPhoneSimulator.Deploy.0 = Debug|x86
		{027D7E5C-DFF7-483E-9686-327B08CC9505}.Debug|x64.ActiveCfg = Debug|x64
		{027D7E5C-DFF7-483E-9686-327B08CC9505}.Debug|x64.Build.0 = Debug|x64
		{027D7E5C-DFF7-483E-9686-327B08CC9505}.Debug|x64.Deploy.0 = Debug|x64
		{027D7E5C-DFF7-483E-9686-327B08CC9505}.Debug|x86.ActiveCfg = Debug|x86
		{027D7E5C-DFF7-483E-9686-327B08CC9505}.Debug|x86.Build.0 = Debug|x86
		{027D7E5C-DFF7-483E-9686-327B08CC9505}.Debug|x86.Deploy.0 = Debug|x86
		{027D7E5C-DFF7-483E-9686-327B08CC9505}.Release|Any CPU.ActiveCfg = Release|x86
		{027D7E5C-DFF7-483E-9686-327B08CC9505}.Release|Any CPU.Build.0 = Release|x86
		{027D7E5C-DFF7-483E-9686-327B08CC9505}.Release|Any CPU.Deploy.0 = Release|x86
		{027D7E5C-DFF7-483E-9686-327B08CC9505}.Release|ARM.ActiveCfg = Release|ARM
		{027D7E5C-DFF7-483E-9686-327B08CC9505}.Release|ARM.Build.0 = Release|ARM
		{027D7E5C-DFF7-483E-9686-327B08CC9505}.Release|ARM.Deploy.0 = Release|ARM
		{027D7E5C-DFF7-483E-9686-327B08CC9505}.Release|iPhone.ActiveCfg = Release|x86
		{027D7E5C-DFF7-483E-9686-327B08CC9505}.Release|iPhone.Build.0 = Release|x86
		{027D7E5C-DFF7-483E-9686-327B08CC9505}.Release|iPhone.Deploy.0 = Release|x86
		{027D7E5C-DFF7-483E-9686-327B08CC9505}.Release|iPhoneSimulator.ActiveCfg = Release|x86
		{027D7E5C-DFF7-483E-9686-327B08CC9505}.Release|iPhoneSimulator.Build.0 = Release|x86
		{027D7E5C-DFF7-483E-9686-327B08CC9505}.Release|iPhoneSimulator.Deploy.0 = Release|x86
		{027D7E5C-DFF7-483E-9686-327B08CC9505}.Release|x64.ActiveCfg = Release|x64
		{027D7E5C-DFF7-483E-9686-327B08CC9505}.Release|x64.Build.0 = Release|x64
		{027D7E5C-DFF7-483E-9686-327B08CC9505}.Release|x64.Deploy.0 = Release|x64
		{027D7E5C-DFF7-483E-9686-327B08CC9505}.Release|x86.ActiveCfg = Release|x86
		{027D7E5C-DFF7-483E-9686-327B08CC9505}.Release|x86.Build.0 = Release|x86
		{027D7E5C-DFF7-483E-9686-327B08CC9505}.Release|x86.Deploy.0 = Release|x86
		{2A5DC87F-AC74-44EF-BACB-5A0F67691916}.Ad-Hoc|Any CPU.ActiveCfg = Debug|Any CPU
		{2A5DC87F-AC74-44EF-BACB-5A0F67691916}.Ad-Hoc|Any CPU.Build.0 = Debug|Any CPU
		{2A5DC87F-AC74-44EF-BACB-5A0F67691916}.Ad-Hoc|Any CPU.Deploy.0 = Debug|Any CPU
		{2A5DC87F-AC74-44EF-BACB-5A0F67691916}.Ad-Hoc|ARM.ActiveCfg = Debug|Any CPU
		{2A5DC87F-AC74-44EF-BACB-5A0F67691916}.Ad-Hoc|ARM.Build.0 = Debug|Any CPU
		{2A5DC87F-AC74-44EF-BACB-5A0F67691916}.Ad-Hoc|ARM.Deploy.0 = Debug|Any CPU
		{2A5DC87F-AC74-44EF-BACB-5A0F67691916}.Ad-Hoc|iPhone.ActiveCfg = Debug|Any CPU
		{2A5DC87F-AC74-44EF-BACB-5A0F67691916}.Ad-Hoc|iPhone.Build.0 = Debug|Any CPU
		{2A5DC87F-AC74-44EF-BACB-5A0F67691916}.Ad-Hoc|iPhone.Deploy.0 = Debug|Any CPU
		{2A5DC87F-AC74-44EF-BACB-5A0F67691916}.Ad-Hoc|iPhoneSimulator.ActiveCfg = Debug|Any CPU
		{2A5DC87F-AC74-44EF-BACB-5A0F67691916}.Ad-Hoc|iPhoneSimulator.Build.0 = Debug|Any CPU
		{2A5DC87F-AC74-44EF-BACB-5A0F67691916}.Ad-Hoc|iPhoneSimulator.Deploy.0 = Debug|Any CPU
		{2A5DC87F-AC74-44EF-BACB-5A0F67691916}.Ad-Hoc|x64.ActiveCfg = Debug|Any CPU
		{2A5DC87F-AC74-44EF-BACB-5A0F67691916}.Ad-Hoc|x64.Build.0 = Debug|Any CPU
		{2A5DC87F-AC74-44EF-BACB-5A0F67691916}.Ad-Hoc|x64.Deploy.0 = Debug|Any CPU
		{2A5DC87F-AC74-44EF-BACB-5A0F67691916}.Ad-Hoc|x86.ActiveCfg = Debug|Any CPU
		{2A5DC87F-AC74-44EF-BACB-5A0F67691916}.Ad-Hoc|x86.Build.0 = Debug|Any CPU
		{2A5DC87F-AC74-44EF-BACB-5A0F67691916}.Ad-Hoc|x86.Deploy.0 = Debug|Any CPU
		{2A5DC87F-AC74-44EF-BACB-5A0F67691916}.AppStore|Any CPU.ActiveCfg = Debug|Any CPU
		{2A5DC87F-AC74-44EF-BACB-5A0F67691916}.AppStore|Any CPU.Build.0 = Debug|Any CPU
		{2A5DC87F-AC74-44EF-BACB-5A0F67691916}.AppStore|Any CPU.Deploy.0 = Debug|Any CPU
		{2A5DC87F-AC74-44EF-BACB-5A0F67691916}.AppStore|ARM.ActiveCfg = Debug|Any CPU
		{2A5DC87F-AC74-44EF-BACB-5A0F67691916}.AppStore|ARM.Build.0 = Debug|Any CPU
		{2A5DC87F-AC74-44EF-BACB-5A0F67691916}.AppStore|ARM.Deploy.0 = Debug|Any CPU
		{2A5DC87F-AC74-44EF-BACB-5A0F67691916}.AppStore|iPhone.ActiveCfg = Debug|Any CPU
		{2A5DC87F-AC74-44EF-BACB-5A0F67691916}.AppStore|iPhone.Build.0 = Debug|Any CPU
		{2A5DC87F-AC74-44EF-BACB-5A0F67691916}.AppStore|iPhone.Deploy.0 = Debug|Any CPU
		{2A5DC87F-AC74-44EF-BACB-5A0F67691916}.AppStore|iPhoneSimulator.ActiveCfg = Debug|Any CPU
		{2A5DC87F-AC74-44EF-BACB-5A0F67691916}.AppStore|iPhoneSimulator.Build.0 = Debug|Any CPU
		{2A5DC87F-AC74-44EF-BACB-5A0F67691916}.AppStore|iPhoneSimulator.Deploy.0 = Debug|Any CPU
		{2A5DC87F-AC74-44EF-BACB-5A0F67691916}.AppStore|x64.ActiveCfg = Debug|Any CPU
		{2A5DC87F-AC74-44EF-BACB-5A0F67691916}.AppStore|x64.Build.0 = Debug|Any CPU
		{2A5DC87F-AC74-44EF-BACB-5A0F67691916}.AppStore|x64.Deploy.0 = Debug|Any CPU
		{2A5DC87F-AC74-44EF-BACB-5A0F67691916}.AppStore|x86.ActiveCfg = Debug|Any CPU
		{2A5DC87F-AC74-44EF-BACB-5A0F67691916}.AppStore|x86.Build.0 = Debug|Any CPU
		{2A5DC87F-AC74-44EF-BACB-5A0F67691916}.AppStore|x86.Deploy.0 = Debug|Any CPU
		{2A5DC87F-AC74-44EF-BACB-5A0F67691916}.Debug|Any CPU.ActiveCfg = Debug|Any CPU
		{2A5DC87F-AC74-44EF-BACB-5A0F67691916}.Debug|Any CPU.Build.0 = Debug|Any CPU
		{2A5DC87F-AC74-44EF-BACB-5A0F67691916}.Debug|Any CPU.Deploy.0 = Debug|Any CPU
		{2A5DC87F-AC74-44EF-BACB-5A0F67691916}.Debug|ARM.ActiveCfg = Debug|Any CPU
		{2A5DC87F-AC74-44EF-BACB-5A0F67691916}.Debug|ARM.Build.0 = Debug|Any CPU
		{2A5DC87F-AC74-44EF-BACB-5A0F67691916}.Debug|ARM.Deploy.0 = Debug|Any CPU
		{2A5DC87F-AC74-44EF-BACB-5A0F67691916}.Debug|iPhone.ActiveCfg = Debug|Any CPU
		{2A5DC87F-AC74-44EF-BACB-5A0F67691916}.Debug|iPhone.Build.0 = Debug|Any CPU
		{2A5DC87F-AC74-44EF-BACB-5A0F67691916}.Debug|iPhone.Deploy.0 = Debug|Any CPU
		{2A5DC87F-AC74-44EF-BACB-5A0F67691916}.Debug|iPhoneSimulator.ActiveCfg = Debug|Any CPU
		{2A5DC87F-AC74-44EF-BACB-5A0F67691916}.Debug|iPhoneSimulator.Build.0 = Debug|Any CPU
		{2A5DC87F-AC74-44EF-BACB-5A0F67691916}.Debug|iPhoneSimulator.Deploy.0 = Debug|Any CPU
		{2A5DC87F-AC74-44EF-BACB-5A0F67691916}.Debug|x64.ActiveCfg = Debug|Any CPU
		{2A5DC87F-AC74-44EF-BACB-5A0F67691916}.Debug|x64.Build.0 = Debug|Any CPU
		{2A5DC87F-AC74-44EF-BACB-5A0F67691916}.Debug|x64.Deploy.0 = Debug|Any CPU
		{2A5DC87F-AC74-44EF-BACB-5A0F67691916}.Debug|x86.ActiveCfg = Debug|Any CPU
		{2A5DC87F-AC74-44EF-BACB-5A0F67691916}.Debug|x86.Build.0 = Debug|Any CPU
		{2A5DC87F-AC74-44EF-BACB-5A0F67691916}.Debug|x86.Deploy.0 = Debug|Any CPU
		{2A5DC87F-AC74-44EF-BACB-5A0F67691916}.Release|Any CPU.ActiveCfg = Release|Any CPU
		{2A5DC87F-AC74-44EF-BACB-5A0F67691916}.Release|Any CPU.Build.0 = Release|Any CPU
		{2A5DC87F-AC74-44EF-BACB-5A0F67691916}.Release|Any CPU.Deploy.0 = Release|Any CPU
		{2A5DC87F-AC74-44EF-BACB-5A0F67691916}.Release|ARM.ActiveCfg = Release|Any CPU
		{2A5DC87F-AC74-44EF-BACB-5A0F67691916}.Release|ARM.Build.0 = Release|Any CPU
		{2A5DC87F-AC74-44EF-BACB-5A0F67691916}.Release|ARM.Deploy.0 = Release|Any CPU
		{2A5DC87F-AC74-44EF-BACB-5A0F67691916}.Release|iPhone.ActiveCfg = Release|Any CPU
		{2A5DC87F-AC74-44EF-BACB-5A0F67691916}.Release|iPhone.Build.0 = Release|Any CPU
		{2A5DC87F-AC74-44EF-BACB-5A0F67691916}.Release|iPhone.Deploy.0 = Release|Any CPU
		{2A5DC87F-AC74-44EF-BACB-5A0F67691916}.Release|iPhoneSimulator.ActiveCfg = Release|Any CPU
		{2A5DC87F-AC74-44EF-BACB-5A0F67691916}.Release|iPhoneSimulator.Build.0 = Release|Any CPU
		{2A5DC87F-AC74-44EF-BACB-5A0F67691916}.Release|iPhoneSimulator.Deploy.0 = Release|Any CPU
		{2A5DC87F-AC74-44EF-BACB-5A0F67691916}.Release|x64.ActiveCfg = Release|Any CPU
		{2A5DC87F-AC74-44EF-BACB-5A0F67691916}.Release|x64.Build.0 = Release|Any CPU
		{2A5DC87F-AC74-44EF-BACB-5A0F67691916}.Release|x64.Deploy.0 = Release|Any CPU
		{2A5DC87F-AC74-44EF-BACB-5A0F67691916}.Release|x86.ActiveCfg = Release|Any CPU
		{2A5DC87F-AC74-44EF-BACB-5A0F67691916}.Release|x86.Build.0 = Release|Any CPU
		{2A5DC87F-AC74-44EF-BACB-5A0F67691916}.Release|x86.Deploy.0 = Release|Any CPU
	EndGlobalSection
	GlobalSection(SolutionProperties) = preSolution
		HideSolutionNode = FALSE
	EndGlobalSection
	GlobalSection(ExtensibilityGlobals) = postSolution
		SolutionGuid = {8AAF0BB2-FE2E-4DC0-B6A2-B57F82C05904}
	EndGlobalSection
EndGlobal
